header:
    version: 14
overrides:
    repos:
        oe-core:
            commit: ef022bf82d79015802309d14c28b13373ebe53f5
        meta-lts-mixins:
            commit: 71dfb81bd98f59ca2127d39b100ecbb8ce1e0ba3
        bitbake:
            commit: 0ad6c1c34a5e07a5f8dd66ab248c1e7b37b69fa9
        meta-arm:
            commit: 673e8d7c5dcd14de58092eb73e6ecc5eee5c1735
        meta-qcom-distro:
            commit: f0c3c7bd98c36bcb797dc5d8d361dbf90d3cafc0
        meta-openembedded:
            commit: 47d7dbdd10890bbd429bc0cccbe14435c37e5af1
        meta-virtualization:
            commit: 70a5d5a65d7237cfe978961fa4d8765c895cddc8
        meta-audioreach:
            commit: b578fcb430f1caa85720aa57df2a44b4697eac75
        meta-selinux:
            commit: 1c3a699f363167571ab39fecb0fe6f56691a4e20
        meta-updater:
            commit: 92f4788c30fdcab2d376eb9ae6b191bda7d06d0a
        meta-security:
            commit: c0d1d6200e7a84c39fb940cb1f22aad4b0b3d808
        meta-dpdk:
            commit: 6a59b0cd21084e33feb53b4f2d1310e49e1d4a83
        meta-ai:
            commit: 60e38e2015f19058b467febd044f49bf70c4528f
